
Microsoft Visual Studio Solution File, Format Version 12.00
# Visual Studio Version 17
VisualStudioVersion = 17.11.35222.181
MinimumVisualStudioVersion = 10.0.40219.1
Project("{FAE04EC0-301F-11D3-BF4B-00C04F79EFBC}") = "Aulaherança", "Aulaherança\Aulaherança.csproj", "{AC85C291-F15A-4E81-822B-9C73CB4C9BFF}"
EndProject
Global
	GlobalSection(SolutionConfigurationPlatforms) = preSolution
		Debug|Any CPU = Debug|Any CPU
		Release|Any CPU = Release|Any CPU
	EndGlobalSection
	GlobalSection(ProjectConfigurationPlatforms) = postSolution
		{AC85C291-F15A-4E81-822B-9C73CB4C9BFF}.Debug|Any CPU.ActiveCfg = Debug|Any CPU
		{AC85C291-F15A-4E81-822B-9C73CB4C9BFF}.Debug|Any CPU.Build.0 = Debug|Any CPU
		{AC85C291-F15A-4E81-822B-9C73CB4C9BFF}.Release|Any CPU.ActiveCfg = Release|Any CPU
		{AC85C291-F15A-4E81-822B-9C73CB4C9BFF}.Release|Any CPU.Build.0 = Release|Any CPU
	EndGlobalSection
	GlobalSection(SolutionProperties) = preSolution
		HideSolutionNode = FALSE
	EndGlobalSection
	GlobalSection(ExtensibilityGlobals) = postSolution
		SolutionGuid = {AF7F2F26-3633-4904-8617-077F05A290B9}
	EndGlobalSection
EndGlobal
